
Microsoft Visual Studio Solution File, Format Version 12.00
# Visual Studio Version 16
VisualStudioVersion = 16.0.30011.22
MinimumVisualStudioVersion = 10.0.40219.1
Project("{FAE04EC0-301F-11D3-BF4B-00C04F79EFBC}") = "TestComboBoxBinding", "TestComboBoxBinding\TestComboBoxBinding.csproj", "{F42100F6-FC62-477C-85EA-356E9E09D3C0}"
EndProject
Global
	GlobalSection(SolutionConfigurationPlatforms) = preSolution
		Debug|Any CPU = Debug|Any CPU
		Release|Any CPU = Release|Any CPU
	EndGlobalSection
	GlobalSection(ProjectConfigurationPlatforms) = postSolution
		{F42100F6-FC62-477C-85EA-356E9E09D3C0}.Debug|Any CPU.ActiveCfg = Debug|Any CPU
		{F42100F6-FC62-477C-85EA-356E9E09D3C0}.Debug|Any CPU.Build.0 = Debug|Any CPU
		{F42100F6-FC62-477C-85EA-356E9E09D3C0}.Release|Any CPU.ActiveCfg = Release|Any CPU
		{F42100F6-FC62-477C-85EA-356E9E09D3C0}.Release|Any CPU.Build.0 = Release|Any CPU
	EndGlobalSection
	GlobalSection(SolutionProperties) = preSolution
		HideSolutionNode = FALSE
	EndGlobalSection
	GlobalSection(ExtensibilityGlobals) = postSolution
		SolutionGuid = {7DB74CBA-A3F3-47F5-BA3E-365FE222ADC5}
	EndGlobalSection
EndGlobal
